PODS:
  - Connectivity (4.0.0)
  - OHHTTPStubs/Core (8.0.0)
  - OHHTTPStubs/Default (8.0.0):
    - OHHTTPStubs/Core
    - OHHTTPStubs/JSON
    - OHHTTPStubs/NSURLSession
    - OHHTTPStubs/OHPathHelpers
  - OHHTTPStubs/JSON (8.0.0):
    - OHHTTPStubs/Core
  - OHHTTPStubs/NSURLSession (8.0.0):
    - OHHTTPStubs/Core
  - OHHTTPStubs/OHPathHelpers (8.0.0)
  - OHHTTPStubs/Swift (8.0.0):
    - OHHTTPStubs/Default

DEPENDENCIES:
  - Connectivity (from `../`)
  - OHHTTPStubs/Swift

SPEC REPOS:
  trunk:
    - OHHTTPStubs

EXTERNAL SOURCES:
  Connectivity:
    :path: "../"

SPEC CHECKSUMS:
  Connectivity: ef44778dc67453b295c513fbe4954f3047b37e88
  OHHTTPStubs: 9cbce6364bec557cc3439aa6bb7514670d780881

PODFILE CHECKSUM: 4bb603ef83c5b2aabf902b94dd97a3ec0ce60584

COCOAPODS: 1.9.3
